# This file is autogenerated, do not edit; changes may be undone by the next 'dep ensure'.


[[projects]]
  branch = "master"
  name = "github.com/jvah/alley-oop"
  packages = ["autocert"]
  revision = "f9305388177fe574dd6b05d8dd1670f5056ecd50"

[[projects]]
  branch = "master"
  name = "golang.org/x/crypto"
  packages = ["acme"]
  revision = "1875d0a70c90e57f11972aefd42276df65e895b9"

[solve-meta]
  analyzer-name = "dep"
  analyzer-version = 1
  inputs-digest = "7a433a5071d6b43096f6edb4cee44be5c9b665b3e76a6127a2b4391d2fa265c0"
  solver-name = "gps-cdcl"
  solver-version = 1
